// !$*UTF8*$!
{
	archiveVersion = 1;
	classes = {
	};
	objectVersion = 56;
	objects = {

/* Begin PBXBuildFile section */
		BE4470CB28E644B8008DF0C1 /* AppDelegate.swift in Sources */ = {isa = PBXBuildFile; fileRef = BE4470CA28E644B8008DF0C1 /* AppDelegate.swift */; };
		BE4470CD28E644B8008DF0C1 /* SceneDelegate.swift in Sources */ = {isa = PBXBuildFile; fileRef = BE4470CC28E644B8008DF0C1 /* SceneDelegate.swift */; };
		BE4470CF28E644B8008DF0C1 /* ViewController.swift in Sources */ = {isa = PBXBuildFile; fileRef = BE4470CE28E644B8008DF0C1 /* ViewController.swift */; };
		BE4470D228E644B8008DF0C1 /* Main.storyboard in Resources */ = {isa = PBXBuildFile; fileRef = BE4470D028E644B8008DF0C1 /* Main.storyboard */; };
		BE4470D428E644B9008DF0C1 /* Assets.xcassets in Resources */ = {isa = PBXBuildFile; fileRef = BE4470D328E644B9008DF0C1 /* Assets.xcassets */; };
		BE4470D728E644B9008DF0C1 /* LaunchScreen.storyboard in Resources */ = {isa = PBXBuildFile; fileRef = BE4470D528E644B9008DF0C1 /* LaunchScreen.storyboard */; };
		BEC09DE528EE202C00570C1C /* SoapRequest.swift in Sources */ = {isa = PBXBuildFile; fileRef = BEC09DE428EE202C00570C1C /* SoapRequest.swift */; };
		BEC09DE828F05CAD00570C1C /* SoapEnvelope.swift in Sources */ = {isa = PBXBuildFile; fileRef = BEC09DE728F05CAC00570C1C /* SoapEnvelope.swift */; };
		BEC09DEA28F05CDB00570C1C /* SoapMessage.swift in Sources */ = {isa = PBXBuildFile; fileRef = BEC09DE928F05CDB00570C1C /* SoapMessage.swift */; };
		BEC09DEC28F05F4600570C1C /* SoapBody.swift in Sources */ = {isa = PBXBuildFile; fileRef = BEC09DEB28F05F4600570C1C /* SoapBody.swift */; };
		BEC09DF128F061CD00570C1C /* SoapHeader.swift in Sources */ = {isa = PBXBuildFile; fileRef = BEC09DF028F061CD00570C1C /* SoapHeader.swift */; };
		BEC09DF428F0622500570C1C /* SoapInformation.swift in Sources */ = {isa = PBXBuildFile; fileRef = BEC09DF328F0622500570C1C /* SoapInformation.swift */; };
		BEEBCB3E28F8A64D0029328E /* SoapEnvelopeResponse.swift in Sources */ = {isa = PBXBuildFile; fileRef = BEEBCB3D28F8A64D0029328E /* SoapEnvelopeResponse.swift */; };
		BEEBCB4028F8A6FF0029328E /* SoapBodyResponse.swift in Sources */ = {isa = PBXBuildFile; fileRef = BEEBCB3F28F8A6FF0029328E /* SoapBodyResponse.swift */; };
		BEEBCB4228F8A7590029328E /* CapitalResponse.swift in Sources */ = {isa = PBXBuildFile; fileRef = BEEBCB4128F8A7590029328E /* CapitalResponse.swift */; };
		D6AE24D51236C95333638CF1 /* Pods_SoapServiceConsumeExample.framework in Frameworks */ = {isa = PBXBuildFile; fileRef = CF4DFFA5C7E659980FF716F2 /* Pods_SoapServiceConsumeExample.framework */; };
/* End PBXBuildFile section */

/* Begin PBXFileReference section */
		7397F70C75EE25F1F82A7128 /* Pods-SoapServiceConsumeExample.release.xcconfig */ = {isa = PBXFileReference; includeInIndex = 1; lastKnownFileType = text.xcconfig; name = "Pods-SoapServiceConsumeExample.release.xcconfig"; path = "Target Support Files/Pods-SoapServiceConsumeExample/Pods-SoapServiceConsumeExample.release.xcconfig"; sourceTree = "<group>"; };
		BE4470C728E644B8008DF0C1 /* SoapServiceConsumeExample.app */ = {isa = PBXFileReference; explicitFileType = wrapper.application; includeInIndex = 0; path = SoapServiceConsumeExample.app; sourceTree = BUILT_PRODUCTS_DIR; };
		BE4470CA28E644B8008DF0C1 /* AppDelegate.swift */ = {isa = PBXFileReference; lastKnownFileType = sourcecode.swift; path = AppDelegate.swift; sourceTree = "<group>"; };
		BE4470CC28E644B8008DF0C1 /* SceneDelegate.swift */ = {isa = PBXFileReference; lastKnownFileType = sourcecode.swift; path = SceneDelegate.swift; sourceTree = "<group>"; };
		BE4470CE28E644B8008DF0C1 /* ViewController.swift */ = {isa = PBXFileReference; lastKnownFileType = sourcecode.swift; path = ViewController.swift; sourceTree = "<group>"; };
		BE4470D128E644B8008DF0C1 /* Base */ = {isa = PBXFileReference; lastKnownFileType = file.storyboard; name = Base; path = Base.lproj/Main.storyboard; sourceTree = "<group>"; };
		BE4470D328E644B9008DF0C1 /* Assets.xcassets */ = {isa = PBXFileReference; lastKnownFileType = folder.assetcatalog; path = Assets.xcassets; sourceTree = "<group>"; };
		BE4470D628E644B9008DF0C1 /* Base */ = {isa = PBXFileReference; lastKnownFileType = file.storyboard; name = Base; path = Base.lproj/LaunchScreen.storyboard; sourceTree = "<group>"; };
		BE4470D828E644B9008DF0C1 /* Info.plist */ = {isa = PBXFileReference; lastKnownFileType = text.plist.xml; path = Info.plist; sourceTree = "<group>"; };
		BEC09DE428EE202C00570C1C /* SoapRequest.swift */ = {isa = PBXFileReference; lastKnownFileType = sourcecode.swift; path = SoapRequest.swift; sourceTree = "<group>"; };
		BEC09DE728F05CAC00570C1C /* SoapEnvelope.swift */ = {isa = PBXFileReference; lastKnownFileType = sourcecode.swift; path = SoapEnvelope.swift; sourceTree = "<group>"; };
		BEC09DE928F05CDB00570C1C /* SoapMessage.swift */ = {isa = PBXFileReference; lastKnownFileType = sourcecode.swift; path = SoapMessage.swift; sourceTree = "<group>"; };
		BEC09DEB28F05F4600570C1C /* SoapBody.swift */ = {isa = PBXFileReference; lastKnownFileType = sourcecode.swift; path = SoapBody.swift; sourceTree = "<group>"; };
		BEC09DF028F061CD00570C1C /* SoapHeader.swift */ = {isa = PBXFileReference; lastKnownFileType = sourcecode.swift; path = SoapHeader.swift; sourceTree = "<group>"; };
		BEC09DF328F0622500570C1C /* SoapInformation.swift */ = {isa = PBXFileReference; lastKnownFileType = sourcecode.swift; path = SoapInformation.swift; sourceTree = "<group>"; };
		BEEBCB3D28F8A64D0029328E /* SoapEnvelopeResponse.swift */ = {isa = PBXFileReference; lastKnownFileType = sourcecode.swift; path = SoapEnvelopeResponse.swift; sourceTree = "<group>"; };
		BEEBCB3F28F8A6FF0029328E /* SoapBodyResponse.swift */ = {isa = PBXFileReference; lastKnownFileType = sourcecode.swift; path = SoapBodyResponse.swift; sourceTree = "<group>"; };
		BEEBCB4128F8A7590029328E /* CapitalResponse.swift */ = {isa = PBXFileReference; lastKnownFileType = sourcecode.swift; path = CapitalResponse.swift; sourceTree = "<group>"; };
		CF4DFFA5C7E659980FF716F2 /* Pods_SoapServiceConsumeExample.framework */ = {isa = PBXFileReference; explicitFileType = wrapper.framework; includeInIndex = 0; path = Pods_SoapServiceConsumeExample.framework; sourceTree = BUILT_PRODUCTS_DIR; };
		D1A296EEC347BD53DD36D32B /* Pods-SoapServiceConsumeExample.debug.xcconfig */ = {isa = PBXFileReference; includeInIndex = 1; lastKnownFileType = text.xcconfig; name = "Pods-SoapServiceConsumeExample.debug.xcconfig"; path = "Target Support Files/Pods-SoapServiceConsumeExample/Pods-SoapServiceConsumeExample.debug.xcconfig"; sourceTree = "<group>"; };
/* End PBXFileReference section */

/* Begin PBXFrameworksBuildPhase section */
		BE4470C428E644B8008DF0C1 /* Frameworks */ = {
			isa = PBXFrameworksBuildPhase;
			buildActionMask = 2147483647;
			files = (
				D6AE24D51236C95333638CF1 /* Pods_SoapServiceConsumeExample.framework in Frameworks */,
			);
			runOnlyForDeploymentPostprocessing = 0;
		};
/* End PBXFrameworksBuildPhase section */

/* Begin PBXGroup section */
		9A783B74BB4FD50061EC4DE2 /* Pods */ = {
			isa = PBXGroup;
			children = (
				D1A296EEC347BD53DD36D32B /* Pods-SoapServiceConsumeExample.debug.xcconfig */,
				7397F70C75EE25F1F82A7128 /* Pods-SoapServiceConsumeExample.release.xcconfig */,
			);
			path = Pods;
			sourceTree = "<group>";
		};
		9C6E7B8F011EAF18D390E984 /* Frameworks */ = {
			isa = PBXGroup;
			children = (
				CF4DFFA5C7E659980FF716F2 /* Pods_SoapServiceConsumeExample.framework */,
			);
			name = Frameworks;
			sourceTree = "<group>";
		};
		BE4470BE28E644B8008DF0C1 = {
			isa = PBXGroup;
			children = (
				BE4470C928E644B8008DF0C1 /* SoapServiceConsumeExample */,
				BE4470C828E644B8008DF0C1 /* Products */,
				9A783B74BB4FD50061EC4DE2 /* Pods */,
				9C6E7B8F011EAF18D390E984 /* Frameworks */,
			);
			sourceTree = "<group>";
		};
		BE4470C828E644B8008DF0C1 /* Products */ = {
			isa = PBXGroup;
			children = (
				BE4470C728E644B8008DF0C1 /* SoapServiceConsumeExample.app */,
			);
			name = Products;
			sourceTree = "<group>";
		};
		BE4470C928E644B8008DF0C1 /* SoapServiceConsumeExample */ = {
			isa = PBXGroup;
			children = (
				BEEBCB3C28F8A4380029328E /* XMLResponse */,
				BEC09DE628F05C6600570C1C /* XMLRequest */,
				BE4470CA28E644B8008DF0C1 /* AppDelegate.swift */,
				BEC09DE428EE202C00570C1C /* SoapRequest.swift */,
				BE4470CC28E644B8008DF0C1 /* SceneDelegate.swift */,
				BE4470CE28E644B8008DF0C1 /* ViewController.swift */,
				BE4470D028E644B8008DF0C1 /* Main.storyboard */,
				BE4470D328E644B9008DF0C1 /* Assets.xcassets */,
				BE4470D528E644B9008DF0C1 /* LaunchScreen.storyboard */,
				BE4470D828E644B9008DF0C1 /* Info.plist */,
			);
			path = SoapServiceConsumeExample;
			sourceTree = "<group>";
		};
		BEC09DE628F05C6600570C1C /* XMLRequest */ = {
			isa = PBXGroup;
			children = (
				BEC09DE728F05CAC00570C1C /* SoapEnvelope.swift */,
				BEC09DE928F05CDB00570C1C /* SoapMessage.swift */,
				BEC09DEB28F05F4600570C1C /* SoapBody.swift */,
				BEC09DF028F061CD00570C1C /* SoapHeader.swift */,
				BEC09DF328F0622500570C1C /* SoapInformation.swift */,
			);
			path = XMLRequest;
			sourceTree = "<group>";
		};
		BEEBCB3C28F8A4380029328E /* XMLResponse */ = {
			isa = PBXGroup;
			children = (
				BEEBCB3D28F8A64D0029328E /* SoapEnvelopeResponse.swift */,
				BEEBCB3F28F8A6FF0029328E /* SoapBodyResponse.swift */,
				BEEBCB4128F8A7590029328E /* CapitalResponse.swift */,
			);
			path = XMLResponse;
			sourceTree = "<group>";
		};
/* End PBXGroup section */

/* Begin PBXNativeTarget section */
		BE4470C628E644B8008DF0C1 /* SoapServiceConsumeExample */ = {
			isa = PBXNativeTarget;
			buildConfigurationList = BE4470DB28E644B9008DF0C1 /* Build configuration list for PBXNativeTarget "SoapServiceConsumeExample" */;
			buildPhases = (
				1775A0197AB093CB3E300ED5 /* [CP] Check Pods Manifest.lock */,
				BE4470C328E644B8008DF0C1 /* Sources */,
				BE4470C428E644B8008DF0C1 /* Frameworks */,
				BE4470C528E644B8008DF0C1 /* Resources */,
				31410BB5036659D3DD3B3AD7 /* [CP] Embed Pods Frameworks */,
			);
			buildRules = (
			);
			dependencies = (
			);
			name = SoapServiceConsumeExample;
			productName = SoapServiceConsumeExample;
			productReference = BE4470C728E644B8008DF0C1 /* SoapServiceConsumeExample.app */;
			productType = "com.apple.product-type.application";
		};
/* End PBXNativeTarget section */

/* Begin PBXProject section */
		BE4470BF28E644B8008DF0C1 /* Project object */ = {
			isa = PBXProject;
			attributes = {
				BuildIndependentTargetsInParallel = 1;
				LastSwiftUpdateCheck = 1400;
				LastUpgradeCheck = 1400;
				TargetAttributes = {
					BE4470C628E644B8008DF0C1 = {
						CreatedOnToolsVersion = 14.0.1;
					};
				};
			};
			buildConfigurationList = BE4470C228E644B8008DF0C1 /* Build configuration list for PBXProject "SoapServiceConsumeExample" */;
			compatibilityVersion = "Xcode 14.0";
			developmentRegion = en;
			hasScannedForEncodings = 0;
			knownRegions = (
				en,
				Base,
			);
			mainGroup = BE4470BE28E644B8008DF0C1;
			productRefGroup = BE4470C828E644B8008DF0C1 /* Products */;
			projectDirPath = "";
			projectRoot = "";
			targets = (
				BE4470C628E644B8008DF0C1 /* SoapServiceConsumeExample */,
			);
		};
/* End PBXProject section */

/* Begin PBXResourcesBuildPhase section */
		BE4470C528E644B8008DF0C1 /* Resources */ = {
			isa = PBXResourcesBuildPhase;
			buildActionMask = 2147483647;
			files = (
				BE4470D728E644B9008DF0C1 /* LaunchScreen.storyboard in Resources */,
				BE4470D428E644B9008DF0C1 /* Assets.xcassets in Resources */,
				BE4470D228E644B8008DF0C1 /* Main.storyboard in Resources */,
			);
			runOnlyForDeploymentPostprocessing = 0;
		};
/* End PBXResourcesBuildPhase section */

/* Begin PBXShellScriptBuildPhase section */
		1775A0197AB093CB3E300ED5 /* [CP] Check Pods Manifest.lock */ = {
			isa = PBXShellScriptBuildPhase;
			buildActionMask = 2147483647;
			files = (
			);
			inputFileListPaths = (
			);
			inputPaths = (
				"${PODS_PODFILE_DIR_PATH}/Podfile.lock",
				"${PODS_ROOT}/Manifest.lock",
			);
			name = "[CP] Check Pods Manifest.lock";
			outputFileListPaths = (
			);
			outputPaths = (
				"$(DERIVED_FILE_DIR)/Pods-SoapServiceConsumeExample-checkManifestLockResult.txt",
			);
			runOnlyForDeploymentPostprocessing = 0;
			shellPath = /bin/sh;
			shellScript = "diff \"${PODS_PODFILE_DIR_PATH}/Podfile.lock\" \"${PODS_ROOT}/Manifest.lock\" > /dev/null\nif [ $? != 0 ] ; then\n    # print error to STDERR\n    echo \"error: The sandbox is not in sync with the Podfile.lock. Run 'pod install' or update your CocoaPods installation.\" >&2\n    exit 1\nfi\n# This output is used by Xcode 'outputs' to avoid re-running this script phase.\necho \"SUCCESS\" > \"${SCRIPT_OUTPUT_FILE_0}\"\n";
			showEnvVarsInLog = 0;
		};
		31410BB5036659D3DD3B3AD7 /* [CP] Embed Pods Frameworks */ = {
			isa = PBXShellScriptBuildPhase;
			buildActionMask = 2147483647;
			files = (
			);
			inputFileListPaths = (
				"${PODS_ROOT}/Target Support Files/Pods-SoapServiceConsumeExample/Pods-SoapServiceConsumeExample-frameworks-${CONFIGURATION}-input-files.xcfilelist",
			);
			name = "[CP] Embed Pods Frameworks";
			outputFileListPaths = (
				"${PODS_ROOT}/Target Support Files/Pods-SoapServiceConsumeExample/Pods-SoapServiceConsumeExample-frameworks-${CONFIGURATION}-output-files.xcfilelist",
			);
			runOnlyForDeploymentPostprocessing = 0;
			shellPath = /bin/sh;
			shellScript = "\"${PODS_ROOT}/Target Support Files/Pods-SoapServiceConsumeExample/Pods-SoapServiceConsumeExample-frameworks.sh\"\n";
			showEnvVarsInLog = 0;
		};
/* End PBXShellScriptBuildPhase section */

/* Begin PBXSourcesBuildPhase section */
		BE4470C328E644B8008DF0C1 /* Sources */ = {
			isa = PBXSourcesBuildPhase;
			buildActionMask = 2147483647;
			files = (
				BEC09DE528EE202C00570C1C /* SoapRequest.swift in Sources */,
				BEEBCB4228F8A7590029328E /* CapitalResponse.swift in Sources */,
				BE4470CF28E644B8008DF0C1 /* ViewController.swift in Sources */,
				BEEBCB4028F8A6FF0029328E /* SoapBodyResponse.swift in Sources */,
				BE4470CB28E644B8008DF0C1 /* AppDelegate.swift in Sources */,
				BE4470CD28E644B8008DF0C1 /* SceneDelegate.swift in Sources */,
				BEC09DEA28F05CDB00570C1C /* SoapMessage.swift in Sources */,
				BEEBCB3E28F8A64D0029328E /* SoapEnvelopeResponse.swift in Sources */,
				BEC09DF428F0622500570C1C /* SoapInformation.swift in Sources */,
				BEC09DE828F05CAD00570C1C /* SoapEnvelope.swift in Sources */,
				BEC09DEC28F05F4600570C1C /* SoapBody.swift in Sources */,
				BEC09DF128F061CD00570C1C /* SoapHeader.swift in Sources */,
			);
			runOnlyForDeploymentPostprocessing = 0;
		};
/* End PBXSourcesBuildPhase section */

/* Begin PBXVariantGroup section */
		BE4470D028E644B8008DF0C1 /* Main.storyboard */ = {
			isa = PBXVariantGroup;
			children = (
				BE4470D128E644B8008DF0C1 /* Base */,
			);
			name = Main.storyboard;
			sourceTree = "<group>";
		};
		BE4470D528E644B9008DF0C1 /* LaunchScreen.storyboard */ = {
			isa = PBXVariantGroup;
			children = (
				BE4470D628E644B9008DF0C1 /* Base */,
			);
			name = LaunchScreen.storyboard;
			sourceTree = "<group>";
		};
/* End PBXVariantGroup section */

/* Begin XCBuildConfiguration section */
		BE4470D928E644B9008DF0C1 /* Debug */ = {
			isa = XCBuildConfiguration;
			buildSettings = {
				ALWAYS_SEARCH_USER_PATHS = NO;
				CLANG_ANALYZER_NONNULL = YES;
				CLANG_ANALYZER_NUMBER_OBJECT_CONVERSION = YES_AGGRESSIVE;
				CLANG_CXX_LANGUAGE_STANDARD = "gnu++20";
				CLANG_ENABLE_MODULES = YES;
				CLANG_ENABLE_OBJC_ARC = YES;
				CLANG_ENABLE_OBJC_WEAK = YES;
				CLANG_WARN_BLOCK_CAPTURE_AUTORELEASING = YES;
				CLANG_WARN_BOOL_CONVERSION = YES;
				CLANG_WARN_COMMA = YES;
				CLANG_WARN_CONSTANT_CONVERSION = YES;
				CLANG_WARN_DEPRECATED_OBJC_IMPLEMENTATIONS = YES;
				CLANG_WARN_DIRECT_OBJC_ISA_USAGE = YES_ERROR;
				CLANG_WARN_DOCUMENTATION_COMMENTS = YES;
				CLANG_WARN_EMPTY_BODY = YES;
				CLANG_WARN_ENUM_CONVERSION = YES;
				CLANG_WARN_INFINITE_RECURSION = YES;
				CLANG_WARN_INT_CONVERSION = YES;
				CLANG_WARN_NON_LITERAL_NULL_CONVERSION = YES;
				CLANG_WARN_OBJC_IMPLICIT_RETAIN_SELF = YES;
				CLANG_WARN_OBJC_LITERAL_CONVERSION = YES;
				CLANG_WARN_OBJC_ROOT_CLASS = YES_ERROR;
				CLANG_WARN_QUOTED_INCLUDE_IN_FRAMEWORK_HEADER = YES;
				CLANG_WARN_RANGE_LOOP_ANALYSIS = YES;
				CLANG_WARN_STRICT_PROTOTYPES = YES;
				CLANG_WARN_SUSPICIOUS_MOVE = YES;
				CLANG_WARN_UNGUARDED_AVAILABILITY = YES_AGGRESSIVE;
				CLANG_WARN_UNREACHABLE_CODE = YES;
				CLANG_WARN__DUPLICATE_METHOD_MATCH = YES;
				COPY_PHASE_STRIP = NO;
				DEBUG_INFORMATION_FORMAT = dwarf;
				ENABLE_STRICT_OBJC_MSGSEND = YES;
				ENABLE_TESTABILITY = YES;
				GCC_C_LANGUAGE_STANDARD = gnu11;
				GCC_DYNAMIC_NO_PIC = NO;
				GCC_NO_COMMON_BLOCKS = YES;
				GCC_OPTIMIZATION_LEVEL = 0;
				GCC_PREPROCESSOR_DEFINITIONS = (
					"DEBUG=1",
					"$(inherited)",
				);
				GCC_WARN_64_TO_32_BIT_CONVERSION = YES;
				GCC_WARN_ABOUT_RETURN_TYPE = YES_ERROR;
				GCC_WARN_UNDECLARED_SELECTOR = YES;
				GCC_WARN_UNINITIALIZED_AUTOS = YES_AGGRESSIVE;
				GCC_WARN_UNUSED_FUNCTION = YES;
				GCC_WARN_UNUSED_VARIABLE = YES;
				IPHONEOS_DEPLOYMENT_TARGET = 16.0;
				MTL_ENABLE_DEBUG_INFO = INCLUDE_SOURCE;
				MTL_FAST_MATH = YES;
				ONLY_ACTIVE_ARCH = YES;
				SDKROOT = iphoneos;
				SWIFT_ACTIVE_COMPILATION_CONDITIONS = DEBUG;
				SWIFT_OPTIMIZATION_LEVEL = "-Onone";
			};
			name = Debug;
		};
		BE4470DA28E644B9008DF0C1 /* Release */ = {
			isa = XCBuildConfiguration;
			buildSettings = {
				ALWAYS_SEARCH_USER_PATHS = NO;
				CLANG_ANALYZER_NONNULL = YES;
				CLANG_ANALYZER_NUMBER_OBJECT_CONVERSION = YES_AGGRESSIVE;
				CLANG_CXX_LANGUAGE_STANDARD = "gnu++20";
				CLANG_ENABLE_MODULES = YES;
				CLANG_ENABLE_OBJC_ARC = YES;
				CLANG_ENABLE_OBJC_WEAK = YES;
				CLANG_WARN_BLOCK_CAPTURE_AUTORELEASING = YES;
				CLANG_WARN_BOOL_CONVERSION = YES;
				CLANG_WARN_COMMA = YES;
				CLANG_WARN_CONSTANT_CONVERSION = YES;
				CLANG_WARN_DEPRECATED_OBJC_IMPLEMENTATIONS = YES;
				CLANG_WARN_DIRECT_OBJC_ISA_USAGE = YES_ERROR;
				CLANG_WARN_DOCUMENTATION_COMMENTS = YES;
				CLANG_WARN_EMPTY_BODY = YES;
				CLANG_WARN_ENUM_CONVERSION = YES;
				CLANG_WARN_INFINITE_RECURSION = YES;
				CLANG_WARN_INT_CONVERSION = YES;
				CLANG_WARN_NON_LITERAL_NULL_CONVERSION = YES;
				CLANG_WARN_OBJC_IMPLICIT_RETAIN_SELF = YES;
				CLANG_WARN_OBJC_LITERAL_CONVERSION = YES;
				CLANG_WARN_OBJC_ROOT_CLASS = YES_ERROR;
				CLANG_WARN_QUOTED_INCLUDE_IN_FRAMEWORK_HEADER = YES;
				CLANG_WARN_RANGE_LOOP_ANALYSIS = YES;
				CLANG_WARN_STRICT_PROTOTYPES = YES;
				CLANG_WARN_SUSPICIOUS_MOVE = YES;
				CLANG_WARN_UNGUARDED_AVAILABILITY = YES_AGGRESSIVE;
				CLANG_WARN_UNREACHABLE_CODE = YES;
				CLANG_WARN__DUPLICATE_METHOD_MATCH = YES;
				COPY_PHASE_STRIP = NO;
				DEBUG_INFORMATION_FORMAT = "dwarf-with-dsym";
				ENABLE_NS_ASSERTIONS = NO;
				ENABLE_STRICT_OBJC_MSGSEND = YES;
				GCC_C_LANGUAGE_STANDARD = gnu11;
				GCC_NO_COMMON_BLOCKS = YES;
				GCC_WARN_64_TO_32_BIT_CONVERSION = YES;
				GCC_WARN_ABOUT_RETURN_TYPE = YES_ERROR;
				GCC_WARN_UNDECLARED_SELECTOR = YES;
				GCC_WARN_UNINITIALIZED_AUTOS = YES_AGGRESSIVE;
				GCC_WARN_UNUSED_FUNCTION = YES;
				GCC_WARN_UNUSED_VARIABLE = YES;
				IPHONEOS_DEPLOYMENT_TARGET = 16.0;
				MTL_ENABLE_DEBUG_INFO = NO;
				MTL_FAST_MATH = YES;
				SDKROOT = iphoneos;
				SWIFT_COMPILATION_MODE = wholemodule;
				SWIFT_OPTIMIZATION_LEVEL = "-O";
				VALIDATE_PRODUCT = YES;
			};
			name = Release;
		};
		BE4470DC28E644B9008DF0C1 /* Debug */ = {
			isa = XCBuildConfiguration;
			baseConfigurationReference = D1A296EEC347BD53DD36D32B /* Pods-SoapServiceConsumeExample.debug.xcconfig */;
			buildSettings = {
				ASSETCATALOG_COMPILER_APPICON_NAME = AppIcon;
				ASSETCATALOG_COMPILER_GLOBAL_ACCENT_COLOR_NAME = AccentColor;
				CODE_SIGN_STYLE = Automatic;
				CURRENT_PROJECT_VERSION = 1;
				DEVELOPMENT_TEAM = P8J2DS2Z2V;
				GENERATE_INFOPLIST_FILE = YES;
				INFOPLIST_FILE = SoapServiceConsumeExample/Info.plist;
				INFOPLIST_KEY_UIApplicationSupportsIndirectInputEvents = YES;
				INFOPLIST_KEY_UILaunchStoryboardName = LaunchScreen;
				INFOPLIST_KEY_UIMainStoryboardFile = Main;
				INFOPLIST_KEY_UISupportedInterfaceOrientations_iPad = "UIInterfaceOrientationPortrait UIInterfaceOrientationPortraitUpsideDown UIInterfaceOrientationLandscapeLeft UIInterfaceOrientationLandscapeRight";
				INFOPLIST_KEY_UISupportedInterfaceOrientations_iPhone = "UIInterfaceOrientationPortrait UIInterfaceOrientationLandscapeLeft UIInterfaceOrientationLandscapeRight";
				LD_RUNPATH_SEARCH_PATHS = (
					"$(inherited)",
					"@executable_path/Frameworks",
				);
				MARKETING_VERSION = 1.0;
				PRODUCT_BUNDLE_IDENTIFIER = com.itlab.SoapServiceConsumeExample;
				PRODUCT_NAME = "$(TARGET_NAME)";
				SWIFT_EMIT_LOC_STRINGS = YES;
				SWIFT_VERSION = 5.0;
				TARGETED_DEVICE_FAMILY = "1,2";
			};
			name = Debug;
		};
		BE4470DD28E644B9008DF0C1 /* Release */ = {
			isa = XCBuildConfiguration;
			baseConfigurationReference = 7397F70C75EE25F1F82A7128 /* Pods-SoapServiceConsumeExample.release.xcconfig */;
			buildSettings = {
				ASSETCATALOG_COMPILER_APPICON_NAME = AppIcon;
				ASSETCATALOG_COMPILER_GLOBAL_ACCENT_COLOR_NAME = AccentColor;
				CODE_SIGN_STYLE = Automatic;
				CURRENT_PROJECT_VERSION = 1;
				DEVELOPMENT_TEAM = P8J2DS2Z2V;
				GENERATE_INFOPLIST_FILE = YES;
				INFOPLIST_FILE = SoapServiceConsumeExample/Info.plist;
				INFOPLIST_KEY_UIApplicationSupportsIndirectInputEvents = YES;
				INFOPLIST_KEY_UILaunchStoryboardName = LaunchScreen;
				INFOPLIST_KEY_UIMainStoryboardFile = Main;
				INFOPLIST_KEY_UISupportedInterfaceOrientations_iPad = "UIInterfaceOrientationPortrait UIInterfaceOrientationPortraitUpsideDown UIInterfaceOrientationLandscapeLeft UIInterfaceOrientationLandscapeRight";
				INFOPLIST_KEY_UISupportedInterfaceOrientations_iPhone = "UIInterfaceOrientationPortrait UIInterfaceOrientationLandscapeLeft UIInterfaceOrientationLandscapeRight";
				LD_RUNPATH_SEARCH_PATHS = (
					"$(inherited)",
					"@executable_path/Frameworks",
				);
				MARKETING_VERSION = 1.0;
				PRODUCT_BUNDLE_IDENTIFIER = com.itlab.SoapServiceConsumeExample;
				PRODUCT_NAME = "$(TARGET_NAME)";
				SWIFT_EMIT_LOC_STRINGS = YES;
				SWIFT_VERSION = 5.0;
				TARGETED_DEVICE_FAMILY = "1,2";
			};
			name = Release;
		};
/* End XCBuildConfiguration section */

/* Begin XCConfigurationList section */
		BE4470C228E644B8008DF0C1 /* Build configuration list for PBXProject "SoapServiceConsumeExample" */ = {
			isa = XCConfigurationList;
			buildConfigurations = (
				BE4470D928E644B9008DF0C1 /* Debug */,
				BE4470DA28E644B9008DF0C1 /* Release */,
			);
			defaultConfigurationIsVisible = 0;
			defaultConfigurationName = Release;
		};
		BE4470DB28E644B9008DF0C1 /* Build configuration list for PBXNativeTarget "SoapServiceConsumeExample" */ = {
			isa = XCConfigurationList;
			buildConfigurations = (
				BE4470DC28E644B9008DF0C1 /* Debug */,
				BE4470DD28E644B9008DF0C1 /* Release */,
			);
			defaultConfigurationIsVisible = 0;
			defaultConfigurationName = Release;
		};
/* End XCConfigurationList section */
	};
	rootObject = BE4470BF28E644B8008DF0C1 /* Project object */;
}
